
Microsoft Visual Studio Solution File, Format Version 12.00
# Visual Studio Version 17
VisualStudioVersion = 17.9.34607.119
MinimumVisualStudioVersion = 10.0.40219.1
Project("{9A19103F-16F7-4668-BE54-9A1E7A4F7556}") = "ProductMonitorPt", "ProductMonitorPt\ProductMonitorPt.csproj", "{3259DA6F-DAE8-43C6-B02C-58DDEE3219CE}"
EndProject
Global
	GlobalSection(SolutionConfigurationPlatforms) = preSolution
		Debug|Any CPU = Debug|Any CPU
		Release|Any CPU = Release|Any CPU
	EndGlobalSection
	GlobalSection(ProjectConfigurationPlatforms) = postSolution
		{3259DA6F-DAE8-43C6-B02C-58DDEE3219CE}.Debug|Any CPU.ActiveCfg = Debug|Any CPU
		{3259DA6F-DAE8-43C6-B02C-58DDEE3219CE}.Debug|Any CPU.Build.0 = Debug|Any CPU
		{3259DA6F-DAE8-43C6-B02C-58DDEE3219CE}.Release|Any CPU.ActiveCfg = Release|Any CPU
		{3259DA6F-DAE8-43C6-B02C-58DDEE3219CE}.Release|Any CPU.Build.0 = Release|Any CPU
	EndGlobalSection
	GlobalSection(SolutionProperties) = preSolution
		HideSolutionNode = FALSE
	EndGlobalSection
	GlobalSection(ExtensibilityGlobals) = postSolution
		SolutionGuid = {A9CE6111-BEEB-4930-8DCE-468820A21378}
	EndGlobalSection
EndGlobal
